
Microsoft Visual Studio Solution File, Format Version 12.00
# Visual Studio Version 17
VisualStudioVersion = 17.1.32210.238
MinimumVisualStudioVersion = 10.0.40219.1
Project("{FAE04EC0-301F-11D3-BF4B-00C04F79EFBC}") = "EHWorld", "EHWorld.csproj", "{07D2F79C-9DF3-4C03-8A8F-6D1438CB170C}"
EndProject
Global
	GlobalSection(SolutionConfigurationPlatforms) = preSolution
		Debug|Any CPU = Debug|Any CPU
		Release|Any CPU = Release|Any CPU
	EndGlobalSection
	GlobalSection(ProjectConfigurationPlatforms) = postSolution
		{07D2F79C-9DF3-4C03-8A8F-6D1438CB170C}.Debug|Any CPU.ActiveCfg = Debug|Any CPU
		{07D2F79C-9DF3-4C03-8A8F-6D1438CB170C}.Debug|Any CPU.Build.0 = Debug|Any CPU
		{07D2F79C-9DF3-4C03-8A8F-6D1438CB170C}.Release|Any CPU.ActiveCfg = Release|Any CPU
		{07D2F79C-9DF3-4C03-8A8F-6D1438CB170C}.Release|Any CPU.Build.0 = Release|Any CPU
	EndGlobalSection
	GlobalSection(SolutionProperties) = preSolution
		HideSolutionNode = FALSE
	EndGlobalSection
	GlobalSection(ExtensibilityGlobals) = postSolution
		SolutionGuid = {77D8BF78-4E7A-4A49-9883-1C27464A5CA2}
	EndGlobalSection
EndGlobal
